<Solution>
    <Folder Name="/SolutionItems/">
        <File Path="../.gitattributes" />
        <File Path="../.gitignore" />
        <File Path=".dockerignore" />
        <File Path=".editorconfig" />
        <File Path="AssemblyInfo.cs" />
        <File Path="BannedSymbols.txt" />
        <File Path="Directory.Build.props" />
        <File Path="Directory.Packages.props" />
        <File Path="Dockerfile" />
        <File Path="global.json" />
        <File Path="nuget.config" />
    </Folder>
    <Folder Name="/SolutionItems/claude/">
        <File Path="..\CLAUDE.md" />
    </Folder>
    <Folder Name="/SolutionItems/claude/skills/" />
    <Folder Name="/SolutionItems/claude/skills/commit/">
        <File Path="..\.claude\skills\commit\SKILL.md" />
    </Folder>
    <Folder Name="/SolutionItems/claude/skills/new-mcp-tool/">
        <File Path="..\.claude\skills\new-mcp-tool\SKILL.md" />
    </Folder>
    <Folder Name="/SolutionItems/claude/skills/new-repository/">
        <File Path="..\.claude\skills\new-repository\SKILL.md" />
    </Folder>
    <Folder Name="/SolutionItems/claude/skills/new-usecase/">
        <File Path="..\.claude\skills\new-usecase\SKILL.md" />
    </Folder>
    <Folder Name="/src/">
        <Project Path="main/Application/Application.csproj" />
        <Project Path="main/Domain/Domain.csproj" />
        <Project Path="main/Infrastructure/Infrastructure.csproj" />
        <Project Path="main\Api\Api.csproj" />
    </Folder>
</Solution>
